<?xml version="1.0" encoding="utf-8"?>
<Project ToolsVersion="4.0" xmlns="http://schemas.microsoft.com/developer/msbuild/2003">
  <ItemGroup>
    <Filter Include="源文件">
      <UniqueIdentifier>{4FC737F1-C7A5-4376-A066-2A32D752A2FF}</UniqueIdentifier>
      <Extensions>cpp;c;cc;cxx;def;odl;idl;hpj;bat;asm;asmx</Extensions>
    </Filter>
    <Filter Include="头文件">
      <UniqueIdentifier>{93995380-89BD-4b04-88EB-625FBE52EBFB}</UniqueIdentifier>
      <Extensions>h;hh;hpp;hxx;hm;inl;inc;xsd</Extensions>
    </Filter>
    <Filter Include="其它文件">
      <UniqueIdentifier>{c2cef52b-8692-4a0a-afaf-caf4c45f35c3}</UniqueIdentifier>
    </Filter>
    <Filter Include="头文件\ODPlugin">
      <UniqueIdentifier>{093eecf6-aada-453b-a3ee-9d72dd84eaf5}</UniqueIdentifier>
    </Filter>
    <Filter Include="头文件\Plugin">
      <UniqueIdentifier>{ce301a59-79d2-454a-8942-d155f62c372f}</UniqueIdentifier>
    </Filter>
    <Filter Include="源文件\Plugin">
      <UniqueIdentifier>{2277980e-808f-41f2-bcd1-45422b91644a}</UniqueIdentifier>
    </Filter>
  </ItemGroup>
  <ItemGroup>
    <ClInclude Include="stdafx.h">
      <Filter>其它文件</Filter>
    </ClInclude>
    <ClInclude Include="targetver.h">
      <Filter>其它文件</Filter>
    </ClInclude>
    <ClInclude Include="plugin.h">
      <Filter>头文件\Plugin</Filter>
    </ClInclude>
    <ClInclude Include="OllyDBG_Plugin\od_plugin.h">
      <Filter>头文件\ODPlugin</Filter>
    </ClInclude>
  </ItemGroup>
  <ItemGroup>
    <ClCompile Include="dllmain.cpp">
      <Filter>源文件</Filter>
    </ClCompile>
    <ClCompile Include="stdafx.cpp">
      <Filter>其它文件</Filter>
    </ClCompile>
    <ClCompile Include="plugin.cpp">
      <Filter>源文件\Plugin</Filter>
    </ClCompile>
  </ItemGroup>
  <ItemGroup>
    <Library Include="OllyDBG_Plugin\ollydbg.lib">
      <Filter>头文件\ODPlugin</Filter>
    </Library>
  </ItemGroup>
</Project>