<?xml version="1.0" encoding="utf-8"?>
<Project ToolsVersion="4.0" xmlns="http://schemas.microsoft.com/developer/msbuild/2003">
  <ItemGroup>
    <Filter Include="源文件">
      <UniqueIdentifier>{4FC737F1-C7A5-4376-A066-2A32D752A2FF}</UniqueIdentifier>
      <Extensions>cpp;c;cc;cxx;def;odl;idl;hpj;bat;asm;asmx</Extensions>
    </Filter>
    <Filter Include="头文件">
      <UniqueIdentifier>{93995380-89BD-4b04-88EB-625FBE52EBFB}</UniqueIdentifier>
      <Extensions>h;hh;hpp;hxx;hm;inl;inc;xsd</Extensions>
    </Filter>
    <Filter Include="资源文件">
      <UniqueIdentifier>{67DA6AB6-F800-4c08-8B7A-83BB121AAD01}</UniqueIdentifier>
      <Extensions>rc;ico;cur;bmp;dlg;rc2;rct;bin;rgs;gif;jpg;jpeg;jpe;resx;tiff;tif;png;wav;mfcribbon-ms</Extensions>
    </Filter>
  </ItemGroup>
  <ItemGroup>
    <Text Include="ReadMe.txt" />
  </ItemGroup>
  <ItemGroup>
    <ClInclude Include="ForeachApp.h">
      <Filter>头文件</Filter>
    </ClInclude>
    <ClInclude Include="ForeachAppDlg.h">
      <Filter>头文件</Filter>
    </ClInclude>
    <ClInclude Include="stdafx.h">
      <Filter>头文件</Filter>
    </ClInclude>
    <ClInclude Include="targetver.h">
      <Filter>头文件</Filter>
    </ClInclude>
    <ClInclude Include="Resource.h">
      <Filter>头文件</Filter>
    </ClInclude>
    <ClInclude Include="ProcTabCtrl.h">
      <Filter>头文件</Filter>
    </ClInclude>
    <ClInclude Include="ProcDialog.h">
      <Filter>头文件</Filter>
    </ClInclude>
    <ClInclude Include="ModuleDialog.h">
      <Filter>头文件</Filter>
    </ClInclude>
    <ClInclude Include="ProcListCtrl2.h">
      <Filter>头文件</Filter>
    </ClInclude>
    <ClInclude Include="ModuleListCtrl2.h">
      <Filter>头文件</Filter>
    </ClInclude>
  </ItemGroup>
  <ItemGroup>
    <ClCompile Include="ForeachApp.cpp">
      <Filter>源文件</Filter>
    </ClCompile>
    <ClCompile Include="ForeachAppDlg.cpp">
      <Filter>源文件</Filter>
    </ClCompile>
    <ClCompile Include="stdafx.cpp">
      <Filter>源文件</Filter>
    </ClCompile>
    <ClCompile Include="ProcTabCtrl.cpp">
      <Filter>源文件</Filter>
    </ClCompile>
    <ClCompile Include="ProcDialog.cpp">
      <Filter>源文件</Filter>
    </ClCompile>
    <ClCompile Include="ModuleDialog.cpp">
      <Filter>源文件</Filter>
    </ClCompile>
    <ClCompile Include="ProcListCtrl2.cpp">
      <Filter>源文件</Filter>
    </ClCompile>
    <ClCompile Include="ModuleListCtrl2.cpp">
      <Filter>源文件</Filter>
    </ClCompile>
  </ItemGroup>
  <ItemGroup>
    <ResourceCompile Include="ForeachApp.rc">
      <Filter>资源文件</Filter>
    </ResourceCompile>
  </ItemGroup>
  <ItemGroup>
    <None Include="res\ForeachApp.rc2">
      <Filter>资源文件</Filter>
    </None>
  </ItemGroup>
  <ItemGroup>
    <Image Include="res\ForeachApp.ico">
      <Filter>资源文件</Filter>
    </Image>
  </ItemGroup>
</Project>